Microsoft Visual Studio Solution File, Format Version 12.00
# Visual Studio Version 17
VisualStudioVersion = 17.5.2.0
MinimumVisualStudioVersion = 10.0.40219.1
Project("{FAE04EC0-301F-11D3-BF4B-00C04F79EFBC}") = "AgentBackend", "AgentBackend.csproj", "{79565FC1-645A-B619-79AC-AE1C6995456E}"
EndProject
Global
	GlobalSection(SolutionConfigurationPlatforms) = preSolution
		Debug|Any CPU = Debug|Any CPU
		Release|Any CPU = Release|Any CPU
	EndGlobalSection
	GlobalSection(ProjectConfigurationPlatforms) = postSolution
		{79565FC1-645A-B619-79AC-AE1C6995456E}.Debug|Any CPU.ActiveCfg = Debug|Any CPU
		{79565FC1-645A-B619-79AC-AE1C6995456E}.Debug|Any CPU.Build.0 = Debug|Any CPU
		{79565FC1-645A-B619-79AC-AE1C6995456E}.Release|Any CPU.ActiveCfg = Release|Any CPU
		{79565FC1-645A-B619-79AC-AE1C6995456E}.Release|Any CPU.Build.0 = Release|Any CPU
	EndGlobalSection
	GlobalSection(SolutionProperties) = preSolution
		HideSolutionNode = FALSE
	EndGlobalSection
	GlobalSection(ExtensibilityGlobals) = postSolution
		SolutionGuid = {E88AAF6A-CA4A-46A9-AF36-0CF6040CEE41}
	EndGlobalSection
EndGlobal
